// !$*UTF8*$!
{
	archiveVersion = 1;
	classes = {
	};
	objectVersion = 50;
	objects = {

/* Begin PBXBuildFile section */
		9A127227251CDC34003DEB98 /* LandmarkApp.swift in Sources */ = {isa = PBXBuildFile; fileRef = 9A127226251CDC34003DEB98 /* LandmarkApp.swift */; };
		9A127229251CDC34003DEB98 /* LandmarkDetail.swift in Sources */ = {isa = PBXBuildFile; fileRef = 9A127228251CDC34003DEB98 /* LandmarkDetail.swift */; };
		9A12722B251CDC37003DEB98 /* Assets.xcassets in Resources */ = {isa = PBXBuildFile; fileRef = 9A12722A251CDC37003DEB98 /* Assets.xcassets */; };
		9A12722E251CDC37003DEB98 /* Preview Assets.xcassets in Resources */ = {isa = PBXBuildFile; fileRef = 9A12722D251CDC37003DEB98 /* Preview Assets.xcassets */; };
		9A12723A251CE53F003DEB98 /* CircleImage.swift in Sources */ = {isa = PBXBuildFile; fileRef = 9A127239251CE53F003DEB98 /* CircleImage.swift */; };
		9A12723D251CEABA003DEB98 /* MapView.swift in Sources */ = {isa = PBXBuildFile; fileRef = 9A12723C251CEABA003DEB98 /* MapView.swift */; };
		9A56A2722525FC45006D258E /* Landmark.swift in Sources */ = {isa = PBXBuildFile; fileRef = 9A56A2712525FC45006D258E /* Landmark.swift */; };
		9A56A27925261774006D258E /* data.json in Resources */ = {isa = PBXBuildFile; fileRef = 9A56A27825261774006D258E /* data.json */; };
		9A56A28225261848006D258E /* LandmarkRow.swift in Sources */ = {isa = PBXBuildFile; fileRef = 9A56A28125261848006D258E /* LandmarkRow.swift */; };
		9A56A285252618FB006D258E /* Data.swift in Sources */ = {isa = PBXBuildFile; fileRef = 9A56A284252618FB006D258E /* Data.swift */; };
		9AE5E5E225261DD400106051 /* chilkoottrail.jpg in Resources */ = {isa = PBXBuildFile; fileRef = 9AE5E5D525261DD300106051 /* chilkoottrail.jpg */; };
		9AE5E5E325261DD400106051 /* rainbowlake.jpg in Resources */ = {isa = PBXBuildFile; fileRef = 9AE5E5D625261DD300106051 /* rainbowlake.jpg */; };
		9AE5E5E425261DD400106051 /* turtlerock.jpg in Resources */ = {isa = PBXBuildFile; fileRef = 9AE5E5D725261DD300106051 /* turtlerock.jpg */; };
		9AE5E5E525261DD400106051 /* hiddenlake.jpg in Resources */ = {isa = PBXBuildFile; fileRef = 9AE5E5D825261DD300106051 /* hiddenlake.jpg */; };
		9AE5E5E625261DD400106051 /* stmarylake.jpg in Resources */ = {isa = PBXBuildFile; fileRef = 9AE5E5D925261DD300106051 /* stmarylake.jpg */; };
		9AE5E5E725261DD400106051 /* lakemcdonald.jpg in Resources */ = {isa = PBXBuildFile; fileRef = 9AE5E5DA25261DD300106051 /* lakemcdonald.jpg */; };
		9AE5E5E825261DD400106051 /* twinlake.jpg in Resources */ = {isa = PBXBuildFile; fileRef = 9AE5E5DB25261DD300106051 /* twinlake.jpg */; };
		9AE5E5E925261DD400106051 /* umbagog.jpg in Resources */ = {isa = PBXBuildFile; fileRef = 9AE5E5DC25261DD300106051 /* umbagog.jpg */; };
		9AE5E5EA25261DD400106051 /* chincoteague.jpg in Resources */ = {isa = PBXBuildFile; fileRef = 9AE5E5DD25261DD300106051 /* chincoteague.jpg */; };
		9AE5E5EB25261DD400106051 /* silversalmoncreek.jpg in Resources */ = {isa = PBXBuildFile; fileRef = 9AE5E5DE25261DD400106051 /* silversalmoncreek.jpg */; };
		9AE5E5EC25261DD400106051 /* icybay.jpg in Resources */ = {isa = PBXBuildFile; fileRef = 9AE5E5DF25261DD400106051 /* icybay.jpg */; };
		9AE5E5ED25261DD400106051 /* landmarkData.json in Resources */ = {isa = PBXBuildFile; fileRef = 9AE5E5E025261DD400106051 /* landmarkData.json */; };
		9AE5E5EE25261DD400106051 /* yukon_charleyrivers.jpg in Resources */ = {isa = PBXBuildFile; fileRef = 9AE5E5E125261DD400106051 /* yukon_charleyrivers.jpg */; };
		9AE5E5F12526211100106051 /* LandmarkList.swift in Sources */ = {isa = PBXBuildFile; fileRef = 9AE5E5F02526211100106051 /* LandmarkList.swift */; };
/* End PBXBuildFile section */

/* Begin PBXFileReference section */
		9A127223251CDC34003DEB98 /* Landmark.app */ = {isa = PBXFileReference; explicitFileType = wrapper.application; includeInIndex = 0; path = Landmark.app; sourceTree = BUILT_PRODUCTS_DIR; };
		9A127226251CDC34003DEB98 /* LandmarkApp.swift */ = {isa = PBXFileReference; lastKnownFileType = sourcecode.swift; path = LandmarkApp.swift; sourceTree = "<group>"; };
		9A127228251CDC34003DEB98 /* LandmarkDetail.swift */ = {isa = PBXFileReference; lastKnownFileType = sourcecode.swift; path = LandmarkDetail.swift; sourceTree = "<group>"; };
		9A12722A251CDC37003DEB98 /* Assets.xcassets */ = {isa = PBXFileReference; lastKnownFileType = folder.assetcatalog; path = Assets.xcassets; sourceTree = "<group>"; };
		9A12722D251CDC37003DEB98 /* Preview Assets.xcassets */ = {isa = PBXFileReference; lastKnownFileType = folder.assetcatalog; path = "Preview Assets.xcassets"; sourceTree = "<group>"; };
		9A12722F251CDC37003DEB98 /* Info.plist */ = {isa = PBXFileReference; lastKnownFileType = text.plist.xml; path = Info.plist; sourceTree = "<group>"; };
		9A127239251CE53F003DEB98 /* CircleImage.swift */ = {isa = PBXFileReference; lastKnownFileType = sourcecode.swift; path = CircleImage.swift; sourceTree = "<group>"; };
		9A12723C251CEABA003DEB98 /* MapView.swift */ = {isa = PBXFileReference; lastKnownFileType = sourcecode.swift; path = MapView.swift; sourceTree = "<group>"; };
		9A56A2712525FC45006D258E /* Landmark.swift */ = {isa = PBXFileReference; lastKnownFileType = sourcecode.swift; path = Landmark.swift; sourceTree = "<group>"; };
		9A56A27825261774006D258E /* data.json */ = {isa = PBXFileReference; lastKnownFileType = text.json; path = data.json; sourceTree = "<group>"; };
		9A56A28125261848006D258E /* LandmarkRow.swift */ = {isa = PBXFileReference; lastKnownFileType = sourcecode.swift; path = LandmarkRow.swift; sourceTree = "<group>"; };
		9A56A284252618FB006D258E /* Data.swift */ = {isa = PBXFileReference; lastKnownFileType = sourcecode.swift; path = Data.swift; sourceTree = "<group>"; };
		9AE5E5D525261DD300106051 /* chilkoottrail.jpg */ = {isa = PBXFileReference; lastKnownFileType = image.jpeg; path = chilkoottrail.jpg; sourceTree = "<group>"; };
		9AE5E5D625261DD300106051 /* rainbowlake.jpg */ = {isa = PBXFileReference; lastKnownFileType = image.jpeg; path = rainbowlake.jpg; sourceTree = "<group>"; };
		9AE5E5D725261DD300106051 /* turtlerock.jpg */ = {isa = PBXFileReference; lastKnownFileType = image.jpeg; path = turtlerock.jpg; sourceTree = "<group>"; };
		9AE5E5D825261DD300106051 /* hiddenlake.jpg */ = {isa = PBXFileReference; lastKnownFileType = image.jpeg; path = hiddenlake.jpg; sourceTree = "<group>"; };
		9AE5E5D925261DD300106051 /* stmarylake.jpg */ = {isa = PBXFileReference; lastKnownFileType = image.jpeg; path = stmarylake.jpg; sourceTree = "<group>"; };
		9AE5E5DA25261DD300106051 /* lakemcdonald.jpg */ = {isa = PBXFileReference; lastKnownFileType = image.jpeg; path = lakemcdonald.jpg; sourceTree = "<group>"; };
		9AE5E5DB25261DD300106051 /* twinlake.jpg */ = {isa = PBXFileReference; lastKnownFileType = image.jpeg; path = twinlake.jpg; sourceTree = "<group>"; };
		9AE5E5DC25261DD300106051 /* umbagog.jpg */ = {isa = PBXFileReference; lastKnownFileType = image.jpeg; path = umbagog.jpg; sourceTree = "<group>"; };
		9AE5E5DD25261DD300106051 /* chincoteague.jpg */ = {isa = PBXFileReference; lastKnownFileType = image.jpeg; path = chincoteague.jpg; sourceTree = "<group>"; };
		9AE5E5DE25261DD400106051 /* silversalmoncreek.jpg */ = {isa = PBXFileReference; lastKnownFileType = image.jpeg; path = silversalmoncreek.jpg; sourceTree = "<group>"; };
		9AE5E5DF25261DD400106051 /* icybay.jpg */ = {isa = PBXFileReference; lastKnownFileType = image.jpeg; path = icybay.jpg; sourceTree = "<group>"; };
		9AE5E5E025261DD400106051 /* landmarkData.json */ = {isa = PBXFileReference; fileEncoding = 4; lastKnownFileType = text.json; path = landmarkData.json; sourceTree = "<group>"; };
		9AE5E5E125261DD400106051 /* yukon_charleyrivers.jpg */ = {isa = PBXFileReference; lastKnownFileType = image.jpeg; path = yukon_charleyrivers.jpg; sourceTree = "<group>"; };
		9AE5E5F02526211100106051 /* LandmarkList.swift */ = {isa = PBXFileReference; lastKnownFileType = sourcecode.swift; path = LandmarkList.swift; sourceTree = "<group>"; };
/* End PBXFileReference section */

/* Begin PBXFrameworksBuildPhase section */
		9A127220251CDC34003DEB98 /* Frameworks */ = {
			isa = PBXFrameworksBuildPhase;
			buildActionMask = 2147483647;
			files = (
			);
			runOnlyForDeploymentPostprocessing = 0;
		};
/* End PBXFrameworksBuildPhase section */

/* Begin PBXGroup section */
		9A12721A251CDC34003DEB98 = {
			isa = PBXGroup;
			children = (
				9A127225251CDC34003DEB98 /* Landmark */,
				9A127224251CDC34003DEB98 /* Products */,
			);
			sourceTree = "<group>";
		};
		9A127224251CDC34003DEB98 /* Products */ = {
			isa = PBXGroup;
			children = (
				9A127223251CDC34003DEB98 /* Landmark.app */,
			);
			name = Products;
			sourceTree = "<group>";
		};
		9A127225251CDC34003DEB98 /* Landmark */ = {
			isa = PBXGroup;
			children = (
				9A56A2772526174E006D258E /* Resource */,
				9A56A2702525FBE1006D258E /* Models */,
				9A127226251CDC34003DEB98 /* LandmarkApp.swift */,
				9A127228251CDC34003DEB98 /* LandmarkDetail.swift */,
				9A12722A251CDC37003DEB98 /* Assets.xcassets */,
				9A12722F251CDC37003DEB98 /* Info.plist */,
				9A12722C251CDC37003DEB98 /* Preview Content */,
				9A127239251CE53F003DEB98 /* CircleImage.swift */,
				9A12723C251CEABA003DEB98 /* MapView.swift */,
				9A56A28125261848006D258E /* LandmarkRow.swift */,
				9AE5E5F02526211100106051 /* LandmarkList.swift */,
			);
			path = Landmark;
			sourceTree = "<group>";
		};
		9A12722C251CDC37003DEB98 /* Preview Content */ = {
			isa = PBXGroup;
			children = (
				9A12722D251CDC37003DEB98 /* Preview Assets.xcassets */,
			);
			path = "Preview Content";
			sourceTree = "<group>";
		};
		9A56A2702525FBE1006D258E /* Models */ = {
			isa = PBXGroup;
			children = (
				9A56A2712525FC45006D258E /* Landmark.swift */,
				9A56A284252618FB006D258E /* Data.swift */,
			);
			path = Models;
			sourceTree = "<group>";
		};
		9A56A2772526174E006D258E /* Resource */ = {
			isa = PBXGroup;
			children = (
				9A56A27825261774006D258E /* data.json */,
				9AE5E5D525261DD300106051 /* chilkoottrail.jpg */,
				9AE5E5DD25261DD300106051 /* chincoteague.jpg */,
				9AE5E5D825261DD300106051 /* hiddenlake.jpg */,
				9AE5E5DF25261DD400106051 /* icybay.jpg */,
				9AE5E5DA25261DD300106051 /* lakemcdonald.jpg */,
				9AE5E5E025261DD400106051 /* landmarkData.json */,
				9AE5E5D625261DD300106051 /* rainbowlake.jpg */,
				9AE5E5DE25261DD400106051 /* silversalmoncreek.jpg */,
				9AE5E5D925261DD300106051 /* stmarylake.jpg */,
				9AE5E5D725261DD300106051 /* turtlerock.jpg */,
				9AE5E5DB25261DD300106051 /* twinlake.jpg */,
				9AE5E5DC25261DD300106051 /* umbagog.jpg */,
				9AE5E5E125261DD400106051 /* yukon_charleyrivers.jpg */,
			);
			path = Resource;
			sourceTree = "<group>";
		};
/* End PBXGroup section */

/* Begin PBXNativeTarget section */
		9A127222251CDC34003DEB98 /* Landmark */ = {
			isa = PBXNativeTarget;
			buildConfigurationList = 9A127232251CDC37003DEB98 /* Build configuration list for PBXNativeTarget "Landmark" */;
			buildPhases = (
				9A12721F251CDC34003DEB98 /* Sources */,
				9A127220251CDC34003DEB98 /* Frameworks */,
				9A127221251CDC34003DEB98 /* Resources */,
			);
			buildRules = (
			);
			dependencies = (
			);
			name = Landmark;
			productName = Landmark;
			productReference = 9A127223251CDC34003DEB98 /* Landmark.app */;
			productType = "com.apple.product-type.application";
		};
/* End PBXNativeTarget section */

/* Begin PBXProject section */
		9A12721B251CDC34003DEB98 /* Project object */ = {
			isa = PBXProject;
			attributes = {
				LastSwiftUpdateCheck = 1200;
				LastUpgradeCheck = 1200;
				TargetAttributes = {
					9A127222251CDC34003DEB98 = {
						CreatedOnToolsVersion = 12.0;
					};
				};
			};
			buildConfigurationList = 9A12721E251CDC34003DEB98 /* Build configuration list for PBXProject "Landmark" */;
			compatibilityVersion = "Xcode 9.3";
			developmentRegion = en;
			hasScannedForEncodings = 0;
			knownRegions = (
				en,
				Base,
			);
			mainGroup = 9A12721A251CDC34003DEB98;
			productRefGroup = 9A127224251CDC34003DEB98 /* Products */;
			projectDirPath = "";
			projectRoot = "";
			targets = (
				9A127222251CDC34003DEB98 /* Landmark */,
			);
		};
/* End PBXProject section */

/* Begin PBXResourcesBuildPhase section */
		9A127221251CDC34003DEB98 /* Resources */ = {
			isa = PBXResourcesBuildPhase;
			buildActionMask = 2147483647;
			files = (
				9AE5E5EB25261DD400106051 /* silversalmoncreek.jpg in Resources */,
				9A12722E251CDC37003DEB98 /* Preview Assets.xcassets in Resources */,
				9AE5E5E325261DD400106051 /* rainbowlake.jpg in Resources */,
				9AE5E5E625261DD400106051 /* stmarylake.jpg in Resources */,
				9AE5E5E725261DD400106051 /* lakemcdonald.jpg in Resources */,
				9AE5E5E425261DD400106051 /* turtlerock.jpg in Resources */,
				9AE5E5E225261DD400106051 /* chilkoottrail.jpg in Resources */,
				9AE5E5EA25261DD400106051 /* chincoteague.jpg in Resources */,
				9AE5E5ED25261DD400106051 /* landmarkData.json in Resources */,
				9AE5E5E825261DD400106051 /* twinlake.jpg in Resources */,
				9A56A27925261774006D258E /* data.json in Resources */,
				9A12722B251CDC37003DEB98 /* Assets.xcassets in Resources */,
				9AE5E5E925261DD400106051 /* umbagog.jpg in Resources */,
				9AE5E5EC25261DD400106051 /* icybay.jpg in Resources */,
				9AE5E5EE25261DD400106051 /* yukon_charleyrivers.jpg in Resources */,
				9AE5E5E525261DD400106051 /* hiddenlake.jpg in Resources */,
			);
			runOnlyForDeploymentPostprocessing = 0;
		};
/* End PBXResourcesBuildPhase section */

/* Begin PBXSourcesBuildPhase section */
		9A12721F251CDC34003DEB98 /* Sources */ = {
			isa = PBXSourcesBuildPhase;
			buildActionMask = 2147483647;
			files = (
				9A56A285252618FB006D258E /* Data.swift in Sources */,
				9A127229251CDC34003DEB98 /* LandmarkDetail.swift in Sources */,
				9A12723D251CEABA003DEB98 /* MapView.swift in Sources */,
				9AE5E5F12526211100106051 /* LandmarkList.swift in Sources */,
				9A56A28225261848006D258E /* LandmarkRow.swift in Sources */,
				9A127227251CDC34003DEB98 /* LandmarkApp.swift in Sources */,
				9A12723A251CE53F003DEB98 /* CircleImage.swift in Sources */,
				9A56A2722525FC45006D258E /* Landmark.swift in Sources */,
			);
			runOnlyForDeploymentPostprocessing = 0;
		};
/* End PBXSourcesBuildPhase section */

/* Begin XCBuildConfiguration section */
		9A127230251CDC37003DEB98 /* Debug */ = {
			isa = XCBuildConfiguration;
			buildSettings = {
				ALWAYS_SEARCH_USER_PATHS = NO;
				CLANG_ANALYZER_NONNULL = YES;
				CLANG_ANALYZER_NUMBER_OBJECT_CONVERSION = YES_AGGRESSIVE;
				CLANG_CXX_LANGUAGE_STANDARD = "gnu++14";
				CLANG_CXX_LIBRARY = "libc++";
				CLANG_ENABLE_MODULES = YES;
				CLANG_ENABLE_OBJC_ARC = YES;
				CLANG_ENABLE_OBJC_WEAK = YES;
				CLANG_WARN_BLOCK_CAPTURE_AUTORELEASING = YES;
				CLANG_WARN_BOOL_CONVERSION = YES;
				CLANG_WARN_COMMA = YES;
				CLANG_WARN_CONSTANT_CONVERSION = YES;
				CLANG_WARN_DEPRECATED_OBJC_IMPLEMENTATIONS = YES;
				CLANG_WARN_DIRECT_OBJC_ISA_USAGE = YES_ERROR;
				CLANG_WARN_DOCUMENTATION_COMMENTS = YES;
				CLANG_WARN_EMPTY_BODY = YES;
				CLANG_WARN_ENUM_CONVERSION = YES;
				CLANG_WARN_INFINITE_RECURSION = YES;
				CLANG_WARN_INT_CONVERSION = YES;
				CLANG_WARN_NON_LITERAL_NULL_CONVERSION = YES;
				CLANG_WARN_OBJC_IMPLICIT_RETAIN_SELF = YES;
				CLANG_WARN_OBJC_LITERAL_CONVERSION = YES;
				CLANG_WARN_OBJC_ROOT_CLASS = YES_ERROR;
				CLANG_WARN_QUOTED_INCLUDE_IN_FRAMEWORK_HEADER = YES;
				CLANG_WARN_RANGE_LOOP_ANALYSIS = YES;
				CLANG_WARN_STRICT_PROTOTYPES = YES;
				CLANG_WARN_SUSPICIOUS_MOVE = YES;
				CLANG_WARN_UNGUARDED_AVAILABILITY = YES_AGGRESSIVE;
				CLANG_WARN_UNREACHABLE_CODE = YES;
				CLANG_WARN__DUPLICATE_METHOD_MATCH = YES;
				COPY_PHASE_STRIP = NO;
				DEBUG_INFORMATION_FORMAT = dwarf;
				ENABLE_STRICT_OBJC_MSGSEND = YES;
				ENABLE_TESTABILITY = YES;
				GCC_C_LANGUAGE_STANDARD = gnu11;
				GCC_DYNAMIC_NO_PIC = NO;
				GCC_NO_COMMON_BLOCKS = YES;
				GCC_OPTIMIZATION_LEVEL = 0;
				GCC_PREPROCESSOR_DEFINITIONS = (
					"DEBUG=1",
					"$(inherited)",
				);
				GCC_WARN_64_TO_32_BIT_CONVERSION = YES;
				GCC_WARN_ABOUT_RETURN_TYPE = YES_ERROR;
				GCC_WARN_UNDECLARED_SELECTOR = YES;
				GCC_WARN_UNINITIALIZED_AUTOS = YES_AGGRESSIVE;
				GCC_WARN_UNUSED_FUNCTION = YES;
				GCC_WARN_UNUSED_VARIABLE = YES;
				IPHONEOS_DEPLOYMENT_TARGET = 14.0;
				MTL_ENABLE_DEBUG_INFO = INCLUDE_SOURCE;
				MTL_FAST_MATH = YES;
				ONLY_ACTIVE_ARCH = YES;
				SDKROOT = iphoneos;
				SWIFT_ACTIVE_COMPILATION_CONDITIONS = DEBUG;
				SWIFT_OPTIMIZATION_LEVEL = "-Onone";
			};
			name = Debug;
		};
		9A127231251CDC37003DEB98 /* Release */ = {
			isa = XCBuildConfiguration;
			buildSettings = {
				ALWAYS_SEARCH_USER_PATHS = NO;
				CLANG_ANALYZER_NONNULL = YES;
				CLANG_ANALYZER_NUMBER_OBJECT_CONVERSION = YES_AGGRESSIVE;
				CLANG_CXX_LANGUAGE_STANDARD = "gnu++14";
				CLANG_CXX_LIBRARY = "libc++";
				CLANG_ENABLE_MODULES = YES;
				CLANG_ENABLE_OBJC_ARC = YES;
				CLANG_ENABLE_OBJC_WEAK = YES;
				CLANG_WARN_BLOCK_CAPTURE_AUTORELEASING = YES;
				CLANG_WARN_BOOL_CONVERSION = YES;
				CLANG_WARN_COMMA = YES;
				CLANG_WARN_CONSTANT_CONVERSION = YES;
				CLANG_WARN_DEPRECATED_OBJC_IMPLEMENTATIONS = YES;
				CLANG_WARN_DIRECT_OBJC_ISA_USAGE = YES_ERROR;
				CLANG_WARN_DOCUMENTATION_COMMENTS = YES;
				CLANG_WARN_EMPTY_BODY = YES;
				CLANG_WARN_ENUM_CONVERSION = YES;
				CLANG_WARN_INFINITE_RECURSION = YES;
				CLANG_WARN_INT_CONVERSION = YES;
				CLANG_WARN_NON_LITERAL_NULL_CONVERSION = YES;
				CLANG_WARN_OBJC_IMPLICIT_RETAIN_SELF = YES;
				CLANG_WARN_OBJC_LITERAL_CONVERSION = YES;
				CLANG_WARN_OBJC_ROOT_CLASS = YES_ERROR;
				CLANG_WARN_QUOTED_INCLUDE_IN_FRAMEWORK_HEADER = YES;
				CLANG_WARN_RANGE_LOOP_ANALYSIS = YES;
				CLANG_WARN_STRICT_PROTOTYPES = YES;
				CLANG_WARN_SUSPICIOUS_MOVE = YES;
				CLANG_WARN_UNGUARDED_AVAILABILITY = YES_AGGRESSIVE;
				CLANG_WARN_UNREACHABLE_CODE = YES;
				CLANG_WARN__DUPLICATE_METHOD_MATCH = YES;
				COPY_PHASE_STRIP = NO;
				DEBUG_INFORMATION_FORMAT = "dwarf-with-dsym";
				ENABLE_NS_ASSERTIONS = NO;
				ENABLE_STRICT_OBJC_MSGSEND = YES;
				GCC_C_LANGUAGE_STANDARD = gnu11;
				GCC_NO_COMMON_BLOCKS = YES;
				GCC_WARN_64_TO_32_BIT_CONVERSION = YES;
				GCC_WARN_ABOUT_RETURN_TYPE = YES_ERROR;
				GCC_WARN_UNDECLARED_SELECTOR = YES;
				GCC_WARN_UNINITIALIZED_AUTOS = YES_AGGRESSIVE;
				GCC_WARN_UNUSED_FUNCTION = YES;
				GCC_WARN_UNUSED_VARIABLE = YES;
				IPHONEOS_DEPLOYMENT_TARGET = 14.0;
				MTL_ENABLE_DEBUG_INFO = NO;
				MTL_FAST_MATH = YES;
				SDKROOT = iphoneos;
				SWIFT_COMPILATION_MODE = wholemodule;
				SWIFT_OPTIMIZATION_LEVEL = "-O";
				VALIDATE_PRODUCT = YES;
			};
			name = Release;
		};
		9A127233251CDC37003DEB98 /* Debug */ = {
			isa = XCBuildConfiguration;
			buildSettings = {
				ASSETCATALOG_COMPILER_APPICON_NAME = AppIcon;
				ASSETCATALOG_COMPILER_GLOBAL_ACCENT_COLOR_NAME = AccentColor;
				CODE_SIGN_STYLE = Automatic;
				DEVELOPMENT_ASSET_PATHS = "\"Landmark/Preview Content\"";
				ENABLE_PREVIEWS = YES;
				INFOPLIST_FILE = Landmark/Info.plist;
				IPHONEOS_DEPLOYMENT_TARGET = 14.0;
				LD_RUNPATH_SEARCH_PATHS = (
					"$(inherited)",
					"@executable_path/Frameworks",
				);
				PRODUCT_BUNDLE_IDENTIFIER = com.ariltw.Landmark;
				PRODUCT_NAME = "$(TARGET_NAME)";
				SWIFT_VERSION = 5.0;
				TARGETED_DEVICE_FAMILY = "1,2";
			};
			name = Debug;
		};
		9A127234251CDC37003DEB98 /* Release */ = {
			isa = XCBuildConfiguration;
			buildSettings = {
				ASSETCATALOG_COMPILER_APPICON_NAME = AppIcon;
				ASSETCATALOG_COMPILER_GLOBAL_ACCENT_COLOR_NAME = AccentColor;
				CODE_SIGN_STYLE = Automatic;
				DEVELOPMENT_ASSET_PATHS = "\"Landmark/Preview Content\"";
				ENABLE_PREVIEWS = YES;
				INFOPLIST_FILE = Landmark/Info.plist;
				IPHONEOS_DEPLOYMENT_TARGET = 14.0;
				LD_RUNPATH_SEARCH_PATHS = (
					"$(inherited)",
					"@executable_path/Frameworks",
				);
				PRODUCT_BUNDLE_IDENTIFIER = com.ariltw.Landmark;
				PRODUCT_NAME = "$(TARGET_NAME)";
				SWIFT_VERSION = 5.0;
				TARGETED_DEVICE_FAMILY = "1,2";
			};
			name = Release;
		};
/* End XCBuildConfiguration section */

/* Begin XCConfigurationList section */
		9A12721E251CDC34003DEB98 /* Build configuration list for PBXProject "Landmark" */ = {
			isa = XCConfigurationList;
			buildConfigurations = (
				9A127230251CDC37003DEB98 /* Debug */,
				9A127231251CDC37003DEB98 /* Release */,
			);
			defaultConfigurationIsVisible = 0;
			defaultConfigurationName = Release;
		};
		9A127232251CDC37003DEB98 /* Build configuration list for PBXNativeTarget "Landmark" */ = {
			isa = XCConfigurationList;
			buildConfigurations = (
				9A127233251CDC37003DEB98 /* Debug */,
				9A127234251CDC37003DEB98 /* Release */,
			);
			defaultConfigurationIsVisible = 0;
			defaultConfigurationName = Release;
		};
/* End XCConfigurationList section */
	};
	rootObject = 9A12721B251CDC34003DEB98 /* Project object */;
}
